<?xml version="1.0" encoding="utf-8"?>
<Project ToolsVersion="4.0" xmlns="http://schemas.microsoft.com/developer/msbuild/2003">
  <ItemGroup>
    <Filter Include="Source Files">
      <UniqueIdentifier>{4FC737F1-C7A5-4376-A066-2A32D752A2FF}</UniqueIdentifier>
      <Extensions>cpp;c;cc;cxx;def;odl;idl;hpj;bat;asm;asmx</Extensions>
    </Filter>
    <Filter Include="Header Files">
      <UniqueIdentifier>{93995380-89BD-4b04-88EB-625FBE52EBFB}</UniqueIdentifier>
      <Extensions>h;hh;hpp;hxx;hm;inl;inc;xsd</Extensions>
    </Filter>
    <Filter Include="Resource Files">
      <UniqueIdentifier>{67DA6AB6-F800-4c08-8B7A-83BB121AAD01}</UniqueIdentifier>
      <Extensions>rc;ico;cur;bmp;dlg;rc2;rct;bin;rgs;gif;jpg;jpeg;jpe;resx;tiff;tif;png;wav;mfcribbon-ms</Extensions>
    </Filter>
    <Filter Include="Source Files\lib">
      <UniqueIdentifier>{9ef08da9-70ad-4ab4-ac71-ca5b2b0084fc}</UniqueIdentifier>
    </Filter>
    <Filter Include="Source Files\libcn">
      <UniqueIdentifier>{9585e5ce-4ce5-4bcc-a3d3-d67a68220940}</UniqueIdentifier>
    </Filter>
  </ItemGroup>
  <ItemGroup>
    <ClCompile Include="..\..\lib\corecryptoSymmetricBridge.c">
      <Filter>Source Files\lib</Filter>
    </ClCompile>
    <ClCompile Include="..\..\lib\CommonSymmetricKeywrap.c">
      <Filter>Source Files\lib</Filter>
    </ClCompile>
    <ClCompile Include="..\..\lib\CommonRSACryptor.c">
      <Filter>Source Files\lib</Filter>
    </ClCompile>
    <ClCompile Include="..\..\lib\CommonRandom.c">
      <Filter>Source Files\lib</Filter>
    </ClCompile>
    <ClCompile Include="..\..\lib\CommonKeyDerivationSPI.c">
      <Filter>Source Files\lib</Filter>
    </ClCompile>
    <ClCompile Include="..\..\lib\CommonKeyDerivation.c">
      <Filter>Source Files\lib</Filter>
    </ClCompile>
    <ClCompile Include="..\..\lib\CommonHMAC.c">
      <Filter>Source Files\lib</Filter>
    </ClCompile>
    <ClCompile Include="..\..\lib\CommonECCryptor.c">
      <Filter>Source Files\lib</Filter>
    </ClCompile>
    <ClCompile Include="..\..\lib\CommonDigest.c">
      <Filter>Source Files\lib</Filter>
    </ClCompile>
    <ClCompile Include="..\..\lib\CommonDH.c">
      <Filter>Source Files\lib</Filter>
    </ClCompile>
    <ClCompile Include="..\..\lib\CommonCryptorGCM.c">
      <Filter>Source Files\lib</Filter>
    </ClCompile>
    <ClCompile Include="..\..\lib\CommonCryptorDES.c">
      <Filter>Source Files\lib</Filter>
    </ClCompile>
    <ClCompile Include="..\..\lib\CommonCryptor.c">
      <Filter>Source Files\lib</Filter>
    </ClCompile>
    <ClCompile Include="..\..\lib\CommonCMAC.c">
      <Filter>Source Files\lib</Filter>
    </ClCompile>
    <ClCompile Include="..\..\libcn\adler32.c">
      <Filter>Source Files\libcn</Filter>
    </ClCompile>
    <ClCompile Include="..\..\libcn\CommonBaseXX.c">
      <Filter>Source Files\libcn</Filter>
    </ClCompile>
    <ClCompile Include="..\..\libcn\CommonBuffering.c">
      <Filter>Source Files\libcn</Filter>
    </ClCompile>
    <ClCompile Include="..\..\libcn\CommonCRC.c">
      <Filter>Source Files\libcn</Filter>
    </ClCompile>
    <ClCompile Include="..\..\libcn\crc8.c">
      <Filter>Source Files\libcn</Filter>
    </ClCompile>
    <ClCompile Include="..\..\libcn\crc8-icode.c">
      <Filter>Source Files\libcn</Filter>
    </ClCompile>
    <ClCompile Include="..\..\libcn\crc8-itu.c">
      <Filter>Source Files\libcn</Filter>
    </ClCompile>
    <ClCompile Include="..\..\libcn\crc8-rohc.c">
      <Filter>Source Files\libcn</Filter>
    </ClCompile>
    <ClCompile Include="..\..\libcn\crc8-wcdma.c">
      <Filter>Source Files\libcn</Filter>
    </ClCompile>
    <ClCompile Include="..\..\libcn\crc16.c">
      <Filter>Source Files\libcn</Filter>
    </ClCompile>
    <ClCompile Include="..\..\libcn\crc16-a.c">
      <Filter>Source Files\libcn</Filter>
    </ClCompile>
    <ClCompile Include="..\..\libcn\crc16-b.c">
      <Filter>Source Files\libcn</Filter>
    </ClCompile>
    <ClCompile Include="..\..\libcn\crc16-ccitt-false.c">
      <Filter>Source Files\libcn</Filter>
    </ClCompile>
    <ClCompile Include="..\..\libcn\crc16-ccitt-true.c">
      <Filter>Source Files\libcn</Filter>
    </ClCompile>
    <ClCompile Include="..\..\libcn\crc16-dect-r.c">
      <Filter>Source Files\libcn</Filter>
    </ClCompile>
    <ClCompile Include="..\..\libcn\crc16-dect-x.c">
      <Filter>Source Files\libcn</Filter>
    </ClCompile>
    <ClCompile Include="..\..\libcn\crc16-icode.c">
      <Filter>Source Files\libcn</Filter>
    </ClCompile>
    <ClCompile Include="..\..\libcn\crc16-usb.c">
      <Filter>Source Files\libcn</Filter>
    </ClCompile>
    <ClCompile Include="..\..\libcn\crc16-verifone.c">
      <Filter>Source Files\libcn</Filter>
    </ClCompile>
    <ClCompile Include="..\..\libcn\crc16-xmodem.c">
      <Filter>Source Files\libcn</Filter>
    </ClCompile>
    <ClCompile Include="..\..\libcn\crc32.c">
      <Filter>Source Files\libcn</Filter>
    </ClCompile>
    <ClCompile Include="..\..\libcn\crc32-bzip2.c">
      <Filter>Source Files\libcn</Filter>
    </ClCompile>
    <ClCompile Include="..\..\libcn\crc32-castagnoli.c">
      <Filter>Source Files\libcn</Filter>
    </ClCompile>
    <ClCompile Include="..\..\libcn\crc32-mpeg-2.c">
      <Filter>Source Files\libcn</Filter>
    </ClCompile>
    <ClCompile Include="..\..\libcn\crc32-posix.c">
      <Filter>Source Files\libcn</Filter>
    </ClCompile>
    <ClCompile Include="..\..\libcn\crc32-xfer.c">
      <Filter>Source Files\libcn</Filter>
    </ClCompile>
    <ClCompile Include="..\..\libcn\crc64-ecma-182.c">
      <Filter>Source Files\libcn</Filter>
    </ClCompile>
    <ClCompile Include="..\..\libcn\gen_std_crc_table.c">
      <Filter>Source Files\libcn</Filter>
    </ClCompile>
    <ClCompile Include="..\..\libcn\normal_crc.c">
      <Filter>Source Files\libcn</Filter>
    </ClCompile>
    <ClCompile Include="..\..\libcn\reflect.c">
      <Filter>Source Files\libcn</Filter>
    </ClCompile>
    <ClCompile Include="..\..\libcn\reverse_crc.c">
      <Filter>Source Files\libcn</Filter>
    </ClCompile>
    <ClCompile Include="..\..\libcn\reverse_poly.c">
      <Filter>Source Files\libcn</Filter>
    </ClCompile>
    <ClCompile Include="..\..\lib\ccDispatch.c">
      <Filter>Source Files\lib</Filter>
    </ClCompile>
    <ClCompile Include="..\..\lib\ccGlobals.c">
      <Filter>Source Files\lib</Filter>
    </ClCompile>
    <ClCompile Include="..\..\lib\timingsafe_bcmp.c">
      <Filter>Source Files</Filter>
    </ClCompile>
  </ItemGroup>
</Project>
