
Microsoft Visual Studio Solution File, Format Version 9.00
# Visual C++ Express 2005
Project("{8BC9CEB8-8B4A-11D0-8D11-00A0C91BC942}") = "BlockTest", "BlockTest\BlockTest.vcproj", "{DA281F69-15D4-4DB7-A606-E8AC845F4E72}"
EndProject
Global
	GlobalSection(SolutionConfigurationPlatforms) = preSolution
		Debug|Win32 = Debug|Win32
		Release|Win32 = Release|Win32
	EndGlobalSection
	GlobalSection(ProjectConfigurationPlatforms) = postSolution
		{DA281F69-15D4-4DB7-A606-E8AC845F4E72}.Debug|Win32.ActiveCfg = Debug|Win32
		{DA281F69-15D4-4DB7-A606-E8AC845F4E72}.Debug|Win32.Build.0 = Debug|Win32
		{DA281F69-15D4-4DB7-A606-E8AC845F4E72}.Release|Win32.ActiveCfg = Release|Win32
		{DA281F69-15D4-4DB7-A606-E8AC845F4E72}.Release|Win32.Build.0 = Release|Win32
	EndGlobalSection
	GlobalSection(SolutionProperties) = preSolution
		HideSolutionNode = FALSE
	EndGlobalSection
EndGlobal
