
Microsoft Visual Studio Solution File, Format Version 12.00
# Visual Studio 14
VisualStudioVersion = 14.0.25420.1
MinimumVisualStudioVersion = 10.0.40219.1
Project("{8BC9CEB8-8B4A-11D0-8D11-00A0C91BC942}") = "CCRegression", "CCRegression\CCRegression.vcxproj", "{EDF1D1F9-4110-40C5-9B77-C8A6A904E286}"
	ProjectSection(ProjectDependencies) = postProject
		{D0DEB8FB-2811-43CB-9E28-39A11A583B23} = {D0DEB8FB-2811-43CB-9E28-39A11A583B23}
	EndProjectSection
EndProject
Project("{8BC9CEB8-8B4A-11D0-8D11-00A0C91BC942}") = "CommonCrypto", "lib\lib.vcxproj", "{D0DEB8FB-2811-43CB-9E28-39A11A583B23}"
EndProject
Global
	GlobalSection(SolutionConfigurationPlatforms) = preSolution
		Debug|x64 = Debug|x64
		Debug|x86 = Debug|x86
		Release|x64 = Release|x64
		Release|x86 = Release|x86
	EndGlobalSection
	GlobalSection(ProjectConfigurationPlatforms) = postSolution
		{EDF1D1F9-4110-40C5-9B77-C8A6A904E286}.Debug|x64.ActiveCfg = Debug|x64
		{EDF1D1F9-4110-40C5-9B77-C8A6A904E286}.Debug|x86.ActiveCfg = Debug|Win32
		{EDF1D1F9-4110-40C5-9B77-C8A6A904E286}.Release|x64.ActiveCfg = Release|x64
		{EDF1D1F9-4110-40C5-9B77-C8A6A904E286}.Release|x86.ActiveCfg = Release|Win32
		{D0DEB8FB-2811-43CB-9E28-39A11A583B23}.Debug|x64.ActiveCfg = Debug|x64
		{D0DEB8FB-2811-43CB-9E28-39A11A583B23}.Debug|x64.Build.0 = Debug|x64
		{D0DEB8FB-2811-43CB-9E28-39A11A583B23}.Debug|x86.ActiveCfg = Debug|Win32
		{D0DEB8FB-2811-43CB-9E28-39A11A583B23}.Debug|x86.Build.0 = Debug|Win32
		{D0DEB8FB-2811-43CB-9E28-39A11A583B23}.Release|x64.ActiveCfg = Release|x64
		{D0DEB8FB-2811-43CB-9E28-39A11A583B23}.Release|x64.Build.0 = Release|x64
		{D0DEB8FB-2811-43CB-9E28-39A11A583B23}.Release|x86.ActiveCfg = Release|Win32
		{D0DEB8FB-2811-43CB-9E28-39A11A583B23}.Release|x86.Build.0 = Release|Win32
	EndGlobalSection
	GlobalSection(SolutionProperties) = preSolution
		HideSolutionNode = FALSE
	EndGlobalSection
EndGlobal
