{
  "nodes": {
    "iig-tools": {
      "inputs": {
        "nixpkgs": "nixpkgs"
      },
      "locked": {
        "lastModified": 1784402367,
        "narHash": "sha256-jMOIcUaO/QqetB5J/MnxScbZVkC8z7Uw+APTsJ7OXX4=",
        "owner": "PureDarwin",
        "repo": "iig-tools",
        "rev": "bcfc155bce636da5bcbd0d63e8483105fe122d94",
        "type": "github"
      },
      "original": {
        "owner": "PureDarwin",
        "repo": "iig-tools",
        "type": "github"
      }
    },
    "kc-tools": {
      "inputs": {
        "nixpkgs": "nixpkgs_2"
      },
      "locked": {
        "lastModified": 1784474399,
        "narHash": "sha256-iF5W3rfafZOdCmT4SGUHho49marrZK8DlP14CV7DqXY=",
        "owner": "PureDarwin",
        "repo": "kc-tools",
        "rev": "ee1ea80c2c70a576951f47b3899ba7ae6755a2b3",
        "type": "github"
      },
      "original": {
        "owner": "PureDarwin",
        "repo": "kc-tools",
        "type": "github"
      }
    },
    "nixpkgs": {
      "locked": {
        "lastModified": 1783703440,
        "narHash": "sha256-O3/YajjWo001VUIgD8BwaRdSNLUFe7nZ1qV5TwhRBcw=",
        "owner": "NixOS",
        "repo": "nixpkgs",
        "rev": "8f0500b9660505dc3cb647775fe9a978a74b5283",
        "type": "github"
      },
      "original": {
        "owner": "NixOS",
        "ref": "nixos-26.05",
        "repo": "nixpkgs",
        "type": "github"
      }
    },
    "nixpkgs_2": {
      "locked": {
        "lastModified": 1764667669,
        "narHash": "sha256-7WUCZfmqLAssbDqwg9cUDAXrSoXN79eEEq17qhTNM/Y=",
        "owner": "NixOS",
        "repo": "nixpkgs",
        "rev": "418468ac9527e799809c900eda37cbff999199b6",
        "type": "github"
      },
      "original": {
        "owner": "NixOS",
        "ref": "nixos-unstable",
        "repo": "nixpkgs",
        "type": "github"
      }
    },
    "nixpkgs_3": {
      "locked": {
        "lastModified": 1783703440,
        "narHash": "sha256-O3/YajjWo001VUIgD8BwaRdSNLUFe7nZ1qV5TwhRBcw=",
        "owner": "NixOS",
        "repo": "nixpkgs",
        "rev": "8f0500b9660505dc3cb647775fe9a978a74b5283",
        "type": "github"
      },
      "original": {
        "owner": "NixOS",
        "ref": "nixos-26.05",
        "repo": "nixpkgs",
        "type": "github"
      }
    },
    "nixpkgs_4": {
      "locked": {
        "lastModified": 1764667669,
        "narHash": "sha256-7WUCZfmqLAssbDqwg9cUDAXrSoXN79eEEq17qhTNM/Y=",
        "owner": "NixOS",
        "repo": "nixpkgs",
        "rev": "418468ac9527e799809c900eda37cbff999199b6",
        "type": "github"
      },
      "original": {
        "owner": "NixOS",
        "ref": "nixos-unstable",
        "repo": "nixpkgs",
        "type": "github"
      }
    },
    "root": {
      "inputs": {
        "iig-tools": "iig-tools",
        "kc-tools": "kc-tools",
        "nixpkgs": "nixpkgs_3",
        "xnu-loader": "xnu-loader"
      }
    },
    "xnu-loader": {
      "inputs": {
        "nixpkgs": "nixpkgs_4"
      },
      "locked": {
        "lastModified": 1784342792,
        "narHash": "sha256-afiRH82O5+74S+F5aattNQCFwL78IwDraOsL4XPpYx4=",
        "owner": "PureDarwin",
        "repo": "xnu-loader",
        "rev": "1c9b8a358d25eca8f8eab64cdd6f6cb000f74597",
        "type": "github"
      },
      "original": {
        "owner": "PureDarwin",
        "repo": "xnu-loader",
        "type": "github"
      }
    }
  },
  "root": "root",
  "version": 7
}
