{
  "nodes": {
    "iig-tools": {
      "inputs": {
        "nixpkgs": "nixpkgs"
      },
      "locked": {
        "lastModified": 1784474390,
        "narHash": "sha256-Zh5bZiTApk7JgD+bGcseBwGj7rvrYR9fOZnj3cepMt0=",
        "owner": "PureDarwin",
        "repo": "iig-tools",
        "rev": "69c0234a39b1435808e83ddd31bf71a1f551aefc",
        "type": "github"
      },
      "original": {
        "owner": "PureDarwin",
        "repo": "iig-tools",
        "type": "github"
      }
    },
    "kc-tools": {
      "inputs": {
        "nixpkgs": "nixpkgs_2"
      },
      "locked": {
        "lastModified": 1784474399,
        "narHash": "sha256-iF5W3rfafZOdCmT4SGUHho49marrZK8DlP14CV7DqXY=",
        "owner": "PureDarwin",
        "repo": "kc-tools",
        "rev": "ee1ea80c2c70a576951f47b3899ba7ae6755a2b3",
        "type": "github"
      },
      "original": {
        "owner": "PureDarwin",
        "repo": "kc-tools",
        "type": "github"
      }
    },
    "nixpkgs": {
      "locked": {
        "lastModified": 1783703440,
        "narHash": "sha256-O3/YajjWo001VUIgD8BwaRdSNLUFe7nZ1qV5TwhRBcw=",
        "owner": "NixOS",
        "repo": "nixpkgs",
        "rev": "8f0500b9660505dc3cb647775fe9a978a74b5283",
        "type": "github"
      },
      "original": {
        "owner": "NixOS",
        "ref": "nixos-26.05",
        "repo": "nixpkgs",
        "type": "github"
      }
    },
    "nixpkgs_2": {
      "locked": {
        "lastModified": 1764667669,
        "narHash": "sha256-7WUCZfmqLAssbDqwg9cUDAXrSoXN79eEEq17qhTNM/Y=",
        "owner": "NixOS",
        "repo": "nixpkgs",
        "rev": "418468ac9527e799809c900eda37cbff999199b6",
        "type": "github"
      },
      "original": {
        "owner": "NixOS",
        "ref": "nixos-unstable",
        "repo": "nixpkgs",
        "type": "github"
      }
    },
    "nixpkgs_3": {
      "locked": {
        "lastModified": 1784432872,
        "narHash": "sha256-n3gKTBIV4ZA5VQpUakffBe3KGu4+mhPoA34rrqS0GkA=",
        "owner": "NixOS",
        "repo": "nixpkgs",
        "rev": "fd1462031fdee08f65fd0b4c6b64e22239a77870",
        "type": "github"
      },
      "original": {
        "owner": "NixOS",
        "ref": "nixos-26.05",
        "repo": "nixpkgs",
        "type": "github"
      }
    },
    "nixpkgs_4": {
      "locked": {
        "lastModified": 1764667669,
        "narHash": "sha256-7WUCZfmqLAssbDqwg9cUDAXrSoXN79eEEq17qhTNM/Y=",
        "owner": "NixOS",
        "repo": "nixpkgs",
        "rev": "418468ac9527e799809c900eda37cbff999199b6",
        "type": "github"
      },
      "original": {
        "owner": "NixOS",
        "ref": "nixos-unstable",
        "repo": "nixpkgs",
        "type": "github"
      }
    },
    "root": {
      "inputs": {
        "iig-tools": "iig-tools",
        "kc-tools": "kc-tools",
        "nixpkgs": "nixpkgs_3",
        "xnu-loader": "xnu-loader"
      }
    },
    "xnu-loader": {
      "inputs": {
        "nixpkgs": "nixpkgs_4"
      },
      "locked": {
        "lastModified": 1784867819,
        "narHash": "sha256-bLALGG+E17ggHPOf9vx2AUAeSB4+G2WXG/Jff2qnkhU=",
        "owner": "PureDarwin",
        "repo": "xnu-loader",
        "rev": "6e6984f6f9fb20c297e90de9eeb418d7c933f3e3",
        "type": "github"
      },
      "original": {
        "owner": "PureDarwin",
        "repo": "xnu-loader",
        "type": "github"
      }
    }
  },
  "root": "root",
  "version": 7
}
