{
  "nodes": {
    "iig-tools": {
      "inputs": {
        "nixpkgs": "nixpkgs"
      },
      "locked": {
        "lastModified": 1784474390,
        "narHash": "sha256-Zh5bZiTApk7JgD+bGcseBwGj7rvrYR9fOZnj3cepMt0=",
        "owner": "PureDarwin",
        "repo": "iig-tools",
        "rev": "69c0234a39b1435808e83ddd31bf71a1f551aefc",
        "type": "github"
      },
      "original": {
        "owner": "PureDarwin",
        "repo": "iig-tools",
        "type": "github"
      }
    },
    "kc-tools": {
      "inputs": {
        "nixpkgs": "nixpkgs_2"
      },
      "locked": {
        "lastModified": 1785297081,
        "narHash": "sha256-WpuUG7NEoJCw04u+UxSNr1na+M027BCLDnLCNv7Yfus=",
        "owner": "PureDarwin",
        "repo": "kc-tools",
        "rev": "d1c3c612659ec106518812d89d0560f30fd7eb3d",
        "type": "github"
      },
      "original": {
        "owner": "PureDarwin",
        "repo": "kc-tools",
        "type": "github"
      }
    },
    "nixpkgs": {
      "locked": {
        "lastModified": 1783703440,
        "narHash": "sha256-O3/YajjWo001VUIgD8BwaRdSNLUFe7nZ1qV5TwhRBcw=",
        "owner": "NixOS",
        "repo": "nixpkgs",
        "rev": "8f0500b9660505dc3cb647775fe9a978a74b5283",
        "type": "github"
      },
      "original": {
        "owner": "NixOS",
        "ref": "nixos-26.05",
        "repo": "nixpkgs",
        "type": "github"
      }
    },
    "nixpkgs_2": {
      "locked": {
        "lastModified": 1764667669,
        "narHash": "sha256-7WUCZfmqLAssbDqwg9cUDAXrSoXN79eEEq17qhTNM/Y=",
        "owner": "NixOS",
        "repo": "nixpkgs",
        "rev": "418468ac9527e799809c900eda37cbff999199b6",
        "type": "github"
      },
      "original": {
        "owner": "NixOS",
        "ref": "nixos-unstable",
        "repo": "nixpkgs",
        "type": "github"
      }
    },
    "nixpkgs_3": {
      "locked": {
        "lastModified": 1784432872,
        "narHash": "sha256-n3gKTBIV4ZA5VQpUakffBe3KGu4+mhPoA34rrqS0GkA=",
        "owner": "NixOS",
        "repo": "nixpkgs",
        "rev": "fd1462031fdee08f65fd0b4c6b64e22239a77870",
        "type": "github"
      },
      "original": {
        "owner": "NixOS",
        "ref": "nixos-26.05",
        "repo": "nixpkgs",
        "type": "github"
      }
    },
    "nixpkgs_4": {
      "locked": {
        "lastModified": 1764667669,
        "narHash": "sha256-7WUCZfmqLAssbDqwg9cUDAXrSoXN79eEEq17qhTNM/Y=",
        "owner": "NixOS",
        "repo": "nixpkgs",
        "rev": "418468ac9527e799809c900eda37cbff999199b6",
        "type": "github"
      },
      "original": {
        "owner": "NixOS",
        "ref": "nixos-unstable",
        "repo": "nixpkgs",
        "type": "github"
      }
    },
    "root": {
      "inputs": {
        "iig-tools": "iig-tools",
        "kc-tools": "kc-tools",
        "nixpkgs": "nixpkgs_3",
        "xnu-loader": "xnu-loader"
      }
    },
    "xnu-loader": {
      "inputs": {
        "nixpkgs": "nixpkgs_4"
      },
      "locked": {
        "lastModified": 1785290658,
        "narHash": "sha256-8kCUX152pS/z4tO835tdv7PS6GFXinmC3x9Cd45lRTo=",
        "owner": "PureDarwin",
        "repo": "xnu-loader",
        "rev": "6cd85d2f8399716599f35dc0f58f0d3d1fd7f66a",
        "type": "github"
      },
      "original": {
        "owner": "PureDarwin",
        "repo": "xnu-loader",
        "type": "github"
      }
    }
  },
  "root": "root",
  "version": 7
}
