<?xml version="1.0" encoding="utf-8"?>
<Project ToolsVersion="4.0" xmlns="http://schemas.microsoft.com/developer/msbuild/2003">
  <ItemGroup>
    <Filter Include="Source Files">
      <UniqueIdentifier>{4FC737F1-C7A5-4376-A066-2A32D752A2FF}</UniqueIdentifier>
      <Extensions>cpp;c;cc;cxx;def;odl;idl;hpj;bat;asm;asmx</Extensions>
    </Filter>
    <Filter Include="Header Files">
      <UniqueIdentifier>{93995380-89BD-4b04-88EB-625FBE52EBFB}</UniqueIdentifier>
      <Extensions>h;hh;hpp;hxx;hm;inl;inc;xsd</Extensions>
    </Filter>
    <Filter Include="Resource Files">
      <UniqueIdentifier>{67DA6AB6-F800-4c08-8B7A-83BB121AAD01}</UniqueIdentifier>
      <Extensions>rc;ico;cur;bmp;dlg;rc2;rct;bin;rgs;gif;jpg;jpeg;jpe;resx;tiff;tif;png;wav;mfcribbon-ms</Extensions>
    </Filter>
    <Filter Include="Source Files\CommonCrypto">
      <UniqueIdentifier>{a1ed861d-ce38-463d-9020-354d2b921bcc}</UniqueIdentifier>
    </Filter>
    <Filter Include="Source Files\test">
      <UniqueIdentifier>{c69cf879-309f-40ff-abfb-eabbc7020679}</UniqueIdentifier>
    </Filter>
    <Filter Include="Source Files\util">
      <UniqueIdentifier>{e5f9d0f5-55e9-4fab-9d7e-845636913b5b}</UniqueIdentifier>
    </Filter>
  </ItemGroup>
  <ItemGroup>
    <ClCompile Include="..\..\test\CommonCrypto\CCCryptorTestFuncs.c">
      <Filter>Source Files\CommonCrypto</Filter>
    </ClCompile>
    <ClCompile Include="..\..\test\CommonCrypto\CommonBigDigest.c">
      <Filter>Source Files\CommonCrypto</Filter>
    </ClCompile>
    <ClCompile Include="..\..\test\CommonCrypto\CommonCMac.c">
      <Filter>Source Files\CommonCrypto</Filter>
    </ClCompile>
    <ClCompile Include="..\..\test\CommonCrypto\CommonCryptoBlowfish.c">
      <Filter>Source Files\CommonCrypto</Filter>
    </ClCompile>
    <ClCompile Include="..\..\test\CommonCrypto\CommonCryptoCTSPadding.c">
      <Filter>Source Files\CommonCrypto</Filter>
    </ClCompile>
    <ClCompile Include="..\..\test\CommonCrypto\CommonCryptoNoPad.c">
      <Filter>Source Files\CommonCrypto</Filter>
    </ClCompile>
    <ClCompile Include="..\..\test\CommonCrypto\CommonCryptoOutputLength.c">
      <Filter>Source Files\CommonCrypto</Filter>
    </ClCompile>
    <ClCompile Include="..\..\test\CommonCrypto\CommonCryptoReset.c">
      <Filter>Source Files\CommonCrypto</Filter>
    </ClCompile>
    <ClCompile Include="..\..\test\CommonCrypto\CommonCryptorWithData.c">
      <Filter>Source Files\CommonCrypto</Filter>
    </ClCompile>
    <ClCompile Include="..\..\test\CommonCrypto\CommonCryptoSymCBC.c">
      <Filter>Source Files\CommonCrypto</Filter>
    </ClCompile>
    <ClCompile Include="..\..\test\CommonCrypto\CommonCryptoSymCCM.c">
      <Filter>Source Files\CommonCrypto</Filter>
    </ClCompile>
    <ClCompile Include="..\..\test\CommonCrypto\CommonCryptoSymCFB.c">
      <Filter>Source Files\CommonCrypto</Filter>
    </ClCompile>
    <ClCompile Include="..\..\test\CommonCrypto\CommonCryptoSymCTR.c">
      <Filter>Source Files\CommonCrypto</Filter>
    </ClCompile>
    <ClCompile Include="..\..\test\CommonCrypto\CommonCryptoSymECB.c">
      <Filter>Source Files\CommonCrypto</Filter>
    </ClCompile>
    <ClCompile Include="..\..\test\CommonCrypto\CommonCryptoSymGCM.c">
      <Filter>Source Files\CommonCrypto</Filter>
    </ClCompile>
    <ClCompile Include="..\..\test\CommonCrypto\CommonCryptoSymmetricWrap.c">
      <Filter>Source Files\CommonCrypto</Filter>
    </ClCompile>
    <ClCompile Include="..\..\test\CommonCrypto\CommonCryptoSymOFB.c">
      <Filter>Source Files\CommonCrypto</Filter>
    </ClCompile>
    <ClCompile Include="..\..\test\CommonCrypto\CommonCryptoSymOffset.c">
      <Filter>Source Files\CommonCrypto</Filter>
    </ClCompile>
    <ClCompile Include="..\..\test\CommonCrypto\CommonCryptoSymRC2.c">
      <Filter>Source Files\CommonCrypto</Filter>
    </ClCompile>
    <ClCompile Include="..\..\test\CommonCrypto\CommonCryptoSymRegression.c">
      <Filter>Source Files\CommonCrypto</Filter>
    </ClCompile>
    <ClCompile Include="..\..\test\CommonCrypto\CommonCryptoSymXTS.c">
      <Filter>Source Files\CommonCrypto</Filter>
    </ClCompile>
    <ClCompile Include="..\..\test\CommonCrypto\CommonCryptoSymZeroLength.c">
      <Filter>Source Files\CommonCrypto</Filter>
    </ClCompile>
    <ClCompile Include="..\..\test\CommonCrypto\CommonDHtest.c">
      <Filter>Source Files\CommonCrypto</Filter>
    </ClCompile>
    <ClCompile Include="..\..\test\CommonCrypto\CommonDigest.c">
      <Filter>Source Files\CommonCrypto</Filter>
    </ClCompile>
    <ClCompile Include="..\..\test\CommonCrypto\CommonEC.c">
      <Filter>Source Files\CommonCrypto</Filter>
    </ClCompile>
    <ClCompile Include="..\..\test\CommonCrypto\CommonHKDF.c">
      <Filter>Source Files\CommonCrypto</Filter>
    </ClCompile>
    <ClCompile Include="..\..\test\CommonCrypto\CommonHMac.c">
      <Filter>Source Files\CommonCrypto</Filter>
    </ClCompile>
    <ClCompile Include="..\..\test\CommonCrypto\CommonHMacClone.c">
      <Filter>Source Files\CommonCrypto</Filter>
    </ClCompile>
    <ClCompile Include="..\..\test\CommonCrypto\CommonKeyDerivation.c">
      <Filter>Source Files\CommonCrypto</Filter>
    </ClCompile>
    <ClCompile Include="..\..\test\CommonCrypto\CommonNISTKDF.c">
      <Filter>Source Files\CommonCrypto</Filter>
    </ClCompile>
    <ClCompile Include="..\..\test\CommonCrypto\CommonRandom.c">
      <Filter>Source Files\CommonCrypto</Filter>
    </ClCompile>
    <ClCompile Include="..\..\test\CommonCrypto\CommonRSA.c">
      <Filter>Source Files\CommonCrypto</Filter>
    </ClCompile>
    <ClCompile Include="..\..\test\CommonCrypto\CryptorPadFailure.c">
      <Filter>Source Files\CommonCrypto</Filter>
    </ClCompile>
    <ClCompile Include="..\..\test\test\testenv.c">
      <Filter>Source Files\test</Filter>
    </ClCompile>
    <ClCompile Include="..\..\test\test\testlist.c">
      <Filter>Source Files\test</Filter>
    </ClCompile>
    <ClCompile Include="..\..\test\test\testmore.c">
      <Filter>Source Files\test</Filter>
    </ClCompile>
    <ClCompile Include="..\..\test\util\testbyteBuffer.c">
      <Filter>Source Files\util</Filter>
    </ClCompile>
    <ClCompile Include="..\..\test\util\testutil.c">
      <Filter>Source Files\util</Filter>
    </ClCompile>
    <ClCompile Include="..\..\test\CommonNumerics\CommonBaseEncoding.c">
      <Filter>Source Files\CommonCrypto</Filter>
    </ClCompile>
    <ClCompile Include="..\..\test\CommonNumerics\CommonCRC.c">
      <Filter>Source Files\CommonCrypto</Filter>
    </ClCompile>
    <ClCompile Include="..\..\test\main.c">
      <Filter>Source Files</Filter>
    </ClCompile>
  </ItemGroup>
  <ItemGroup>
    <ClInclude Include="resource.h">
      <Filter>Header Files</Filter>
    </ClInclude>
  </ItemGroup>
</Project>